
Microsoft Visual Studio Solution File, Format Version 12.00
# Visual Studio 15
VisualStudioVersion = 15.0.28010.2003
MinimumVisualStudioVersion = 10.0.40219.1
Project("{FAE04EC0-301F-11D3-BF4B-00C04F79EFBC}") = "MyBikeShop", "MyBikeShop\MyBikeShop.csproj", "{E30C0DB5-DB8D-4FA2-815C-53C2C2C8480E}"
EndProject
Global
	GlobalSection(SolutionConfigurationPlatforms) = preSolution
		Debug|Any CPU = Debug|Any CPU
		Release|Any CPU = Release|Any CPU
	EndGlobalSection
	GlobalSection(ProjectConfigurationPlatforms) = postSolution
		{E30C0DB5-DB8D-4FA2-815C-53C2C2C8480E}.Debug|Any CPU.ActiveCfg = Debug|Any CPU
		{E30C0DB5-DB8D-4FA2-815C-53C2C2C8480E}.Debug|Any CPU.Build.0 = Debug|Any CPU
		{E30C0DB5-DB8D-4FA2-815C-53C2C2C8480E}.Release|Any CPU.ActiveCfg = Release|Any CPU
		{E30C0DB5-DB8D-4FA2-815C-53C2C2C8480E}.Release|Any CPU.Build.0 = Release|Any CPU
	EndGlobalSection
	GlobalSection(SolutionProperties) = preSolution
		HideSolutionNode = FALSE
	EndGlobalSection
	GlobalSection(ExtensibilityGlobals) = postSolution
		SolutionGuid = {893B8753-B511-439D-AB28-B339FC6C759B}
	EndGlobalSection
EndGlobal
